
Microsoft Visual Studio Solution File, Format Version 12.00
# Visual Studio Version 17
VisualStudioVersion = 17.0.31903.59
MinimumVisualStudioVersion = 10.0.40219.1
Project("{9A19103F-16F7-4668-BE54-9A1E7A4F7556}") = "CleanArchitecture.Domain", "src\CleanArchitecture.Domain\CleanArchitecture.Domain.csproj", "{C7E89A3E-A631-4760-8D61-BD1EAB1C4E69}"
EndProject
Project("{9A19103F-16F7-4668-BE54-9A1E7A4F7556}") = "CleanArchitecture.Application", "src\CleanArchitecture.Application\CleanArchitecture.Application.csproj", "{34C0FACD-F3D9-400C-8945-554DD6B0819A}"
EndProject
Project("{9A19103F-16F7-4668-BE54-9A1E7A4F7556}") = "CleanArchitecture.Infrastructure", "src\CleanArchitecture.Infrastructure\CleanArchitecture.Infrastructure.csproj", "{117DA02F-5274-4565-ACC6-DA9B6E568B09}"
EndProject
Project("{2150E333-8FDC-42A3-9474-1A3956D46DE8}") = "Tests", "Tests", "{664D406C-2F83-48F0-BFC3-408D5CB53C65}"
EndProject
Project("{9A19103F-16F7-4668-BE54-9A1E7A4F7556}") = "CleanArchitecture.Application.UnitTests", "tests\CleanArchitecture.Application.UnitTests\CleanArchitecture.Application.UnitTests.csproj", "{DEFF4009-1FAB-4392-80B6-707E2DC5C00B}"
EndProject
Project("{9A19103F-16F7-4668-BE54-9A1E7A4F7556}") = "CleanArchitecture.Domain.UnitTests", "tests\CleanArchitecture.Domain.UnitTests\CleanArchitecture.Domain.UnitTests.csproj", "{DC37FD87-552C-4613-9F16-1537CA522898}"
EndProject
Project("{2150E333-8FDC-42A3-9474-1A3956D46DE8}") = "Solution Items", "Solution Items", "{E2DA20AA-28D1-455C-BF50-C49A8F831633}"
	ProjectSection(SolutionItems) = preProject
		.editorconfig = .editorconfig
		.gitignore = .gitignore
		Directory.Build.props = Directory.Build.props
		Directory.Packages.props = Directory.Packages.props
		global.json = global.json
		README.md = README.md
	EndProjectSection
EndProject
Project("{9A19103F-16F7-4668-BE54-9A1E7A4F7556}") = "CleanArchitecture.Api", "src\CleanArchitecture.Api\CleanArchitecture.Api.csproj", "{4E4EE20C-F06A-4A1B-851F-C5577796941C}"
EndProject
Project("{9A19103F-16F7-4668-BE54-9A1E7A4F7556}") = "CleanArchitecture.Application.FunctionalTests", "tests\CleanArchitecture.Application.FunctionalTests\CleanArchitecture.Application.FunctionalTests.csproj", "{EA6127A5-94C9-4C31-AD11-E6811B92B520}"
EndProject
Project("{9A19103F-16F7-4668-BE54-9A1E7A4F7556}") = "CleanArchitecture.Infrastructure.IntegrationTests", "tests\CleanArchitecture.Infrastructure.IntegrationTests\CleanArchitecture.Infrastructure.IntegrationTests.csproj", "{01FA6786-921D-4CE8-8C50-4FDA66C9477D}"
EndProject
Project("{2150E333-8FDC-42A3-9474-1A3956D46DE8}") = "Apps", "Apps", "{487D84A2-3A09-40B1-8B8D-457FBCEEE08C}"
EndProject
Project("{2150E333-8FDC-42A3-9474-1A3956D46DE8}") = "Core", "Core", "{6B94F453-005E-42F3-812A-0F40210F6CB5}"
EndProject
Project("{2150E333-8FDC-42A3-9474-1A3956D46DE8}") = "Databases", "Databases", "{35E731C7-BA86-4FFE-9016-BD0C02E526EC}"
EndProject
Project("{00D1A9C2-B5F0-4AF3-8072-F6C62B433612}") = "CleanArchitecture.Database", "src\CleanArchitecture.Database\CleanArchitecture.Database.sqlproj", "{686F0163-E9E0-44B8-B369-9840E68E0837}"
EndProject
Project("{FAE04EC0-301F-11D3-BF4B-00C04F79EFBC}") = "CleanArchitecture.Service", "src\CleanArchitecture.Service\CleanArchitecture.Service.csproj", "{7B3FB801-01FD-4FD9-978F-28D2FB444CCF}"
EndProject
Global
	GlobalSection(SolutionConfigurationPlatforms) = preSolution
		Debug|Any CPU = Debug|Any CPU
		Release|Any CPU = Release|Any CPU
	EndGlobalSection
	GlobalSection(ProjectConfigurationPlatforms) = postSolution
		{C7E89A3E-A631-4760-8D61-BD1EAB1C4E69}.Debug|Any CPU.ActiveCfg = Debug|Any CPU
		{C7E89A3E-A631-4760-8D61-BD1EAB1C4E69}.Debug|Any CPU.Build.0 = Debug|Any CPU
		{C7E89A3E-A631-4760-8D61-BD1EAB1C4E69}.Release|Any CPU.ActiveCfg = Release|Any CPU
		{C7E89A3E-A631-4760-8D61-BD1EAB1C4E69}.Release|Any CPU.Build.0 = Release|Any CPU
		{34C0FACD-F3D9-400C-8945-554DD6B0819A}.Debug|Any CPU.ActiveCfg = Debug|Any CPU
		{34C0FACD-F3D9-400C-8945-554DD6B0819A}.Debug|Any CPU.Build.0 = Debug|Any CPU
		{34C0FACD-F3D9-400C-8945-554DD6B0819A}.Release|Any CPU.ActiveCfg = Release|Any CPU
		{34C0FACD-F3D9-400C-8945-554DD6B0819A}.Release|Any CPU.Build.0 = Release|Any CPU
		{117DA02F-5274-4565-ACC6-DA9B6E568B09}.Debug|Any CPU.ActiveCfg = Debug|Any CPU
		{117DA02F-5274-4565-ACC6-DA9B6E568B09}.Debug|Any CPU.Build.0 = Debug|Any CPU
		{117DA02F-5274-4565-ACC6-DA9B6E568B09}.Release|Any CPU.ActiveCfg = Release|Any CPU
		{117DA02F-5274-4565-ACC6-DA9B6E568B09}.Release|Any CPU.Build.0 = Release|Any CPU
		{DEFF4009-1FAB-4392-80B6-707E2DC5C00B}.Debug|Any CPU.ActiveCfg = Debug|Any CPU
		{DEFF4009-1FAB-4392-80B6-707E2DC5C00B}.Debug|Any CPU.Build.0 = Debug|Any CPU
		{DEFF4009-1FAB-4392-80B6-707E2DC5C00B}.Release|Any CPU.ActiveCfg = Release|Any CPU
		{DEFF4009-1FAB-4392-80B6-707E2DC5C00B}.Release|Any CPU.Build.0 = Release|Any CPU
		{DC37FD87-552C-4613-9F16-1537CA522898}.Debug|Any CPU.ActiveCfg = Debug|Any CPU
		{DC37FD87-552C-4613-9F16-1537CA522898}.Debug|Any CPU.Build.0 = Debug|Any CPU
		{DC37FD87-552C-4613-9F16-1537CA522898}.Release|Any CPU.ActiveCfg = Release|Any CPU
		{DC37FD87-552C-4613-9F16-1537CA522898}.Release|Any CPU.Build.0 = Release|Any CPU
		{4E4EE20C-F06A-4A1B-851F-C5577796941C}.Debug|Any CPU.ActiveCfg = Debug|Any CPU
		{4E4EE20C-F06A-4A1B-851F-C5577796941C}.Debug|Any CPU.Build.0 = Debug|Any CPU
		{4E4EE20C-F06A-4A1B-851F-C5577796941C}.Release|Any CPU.ActiveCfg = Release|Any CPU
		{4E4EE20C-F06A-4A1B-851F-C5577796941C}.Release|Any CPU.Build.0 = Release|Any CPU
		{EA6127A5-94C9-4C31-AD11-E6811B92B520}.Debug|Any CPU.ActiveCfg = Debug|Any CPU
		{EA6127A5-94C9-4C31-AD11-E6811B92B520}.Debug|Any CPU.Build.0 = Debug|Any CPU
		{EA6127A5-94C9-4C31-AD11-E6811B92B520}.Release|Any CPU.ActiveCfg = Release|Any CPU
		{EA6127A5-94C9-4C31-AD11-E6811B92B520}.Release|Any CPU.Build.0 = Release|Any CPU
		{01FA6786-921D-4CE8-8C50-4FDA66C9477D}.Debug|Any CPU.ActiveCfg = Debug|Any CPU
		{01FA6786-921D-4CE8-8C50-4FDA66C9477D}.Debug|Any CPU.Build.0 = Debug|Any CPU
		{01FA6786-921D-4CE8-8C50-4FDA66C9477D}.Release|Any CPU.ActiveCfg = Release|Any CPU
		{01FA6786-921D-4CE8-8C50-4FDA66C9477D}.Release|Any CPU.Build.0 = Release|Any CPU
		{686F0163-E9E0-44B8-B369-9840E68E0837}.Debug|Any CPU.ActiveCfg = Debug|Any CPU
		{686F0163-E9E0-44B8-B369-9840E68E0837}.Debug|Any CPU.Build.0 = Debug|Any CPU
		{686F0163-E9E0-44B8-B369-9840E68E0837}.Debug|Any CPU.Deploy.0 = Debug|Any CPU
		{686F0163-E9E0-44B8-B369-9840E68E0837}.Release|Any CPU.ActiveCfg = Release|Any CPU
		{686F0163-E9E0-44B8-B369-9840E68E0837}.Release|Any CPU.Build.0 = Release|Any CPU
		{686F0163-E9E0-44B8-B369-9840E68E0837}.Release|Any CPU.Deploy.0 = Release|Any CPU
		{7B3FB801-01FD-4FD9-978F-28D2FB444CCF}.Debug|Any CPU.ActiveCfg = Debug|Any CPU
		{7B3FB801-01FD-4FD9-978F-28D2FB444CCF}.Debug|Any CPU.Build.0 = Debug|Any CPU
		{7B3FB801-01FD-4FD9-978F-28D2FB444CCF}.Release|Any CPU.ActiveCfg = Release|Any CPU
		{7B3FB801-01FD-4FD9-978F-28D2FB444CCF}.Release|Any CPU.Build.0 = Release|Any CPU
	EndGlobalSection
	GlobalSection(SolutionProperties) = preSolution
		HideSolutionNode = FALSE
	EndGlobalSection
	GlobalSection(NestedProjects) = preSolution
		{C7E89A3E-A631-4760-8D61-BD1EAB1C4E69} = {6B94F453-005E-42F3-812A-0F40210F6CB5}
		{34C0FACD-F3D9-400C-8945-554DD6B0819A} = {6B94F453-005E-42F3-812A-0F40210F6CB5}
		{117DA02F-5274-4565-ACC6-DA9B6E568B09} = {6B94F453-005E-42F3-812A-0F40210F6CB5}
		{DEFF4009-1FAB-4392-80B6-707E2DC5C00B} = {664D406C-2F83-48F0-BFC3-408D5CB53C65}
		{DC37FD87-552C-4613-9F16-1537CA522898} = {664D406C-2F83-48F0-BFC3-408D5CB53C65}
		{4E4EE20C-F06A-4A1B-851F-C5577796941C} = {487D84A2-3A09-40B1-8B8D-457FBCEEE08C}
		{EA6127A5-94C9-4C31-AD11-E6811B92B520} = {664D406C-2F83-48F0-BFC3-408D5CB53C65}
		{01FA6786-921D-4CE8-8C50-4FDA66C9477D} = {664D406C-2F83-48F0-BFC3-408D5CB53C65}
		{686F0163-E9E0-44B8-B369-9840E68E0837} = {35E731C7-BA86-4FFE-9016-BD0C02E526EC}
		{7B3FB801-01FD-4FD9-978F-28D2FB444CCF} = {487D84A2-3A09-40B1-8B8D-457FBCEEE08C}
	EndGlobalSection
	GlobalSection(ExtensibilityGlobals) = postSolution
		SolutionGuid = {3CB609D9-5D54-4C11-A371-DAAC8B74E430}
	EndGlobalSection
EndGlobal
